
Microsoft Visual Studio Solution File, Format Version 12.00
# Visual Studio Version 17
VisualStudioVersion = 17.8.34330.188
MinimumVisualStudioVersion = 10.0.40219.1
Project("{FAE04EC0-301F-11D3-BF4B-00C04F79EFBC}") = "BulkyWeb", "BulkyWeb\BulkyWeb.csproj", "{9CEC968F-CC3F-4CB5-8282-8C52A66579CA}"
EndProject
Global
	GlobalSection(SolutionConfigurationPlatforms) = preSolution
		Debug|Any CPU = Debug|Any CPU
		Release|Any CPU = Release|Any CPU
	EndGlobalSection
	GlobalSection(ProjectConfigurationPlatforms) = postSolution
		{9CEC968F-CC3F-4CB5-8282-8C52A66579CA}.Debug|Any CPU.ActiveCfg = Debug|Any CPU
		{9CEC968F-CC3F-4CB5-8282-8C52A66579CA}.Debug|Any CPU.Build.0 = Debug|Any CPU
		{9CEC968F-CC3F-4CB5-8282-8C52A66579CA}.Release|Any CPU.ActiveCfg = Release|Any CPU
		{9CEC968F-CC3F-4CB5-8282-8C52A66579CA}.Release|Any CPU.Build.0 = Release|Any CPU
	EndGlobalSection
	GlobalSection(SolutionProperties) = preSolution
		HideSolutionNode = FALSE
	EndGlobalSection
	GlobalSection(ExtensibilityGlobals) = postSolution
		SolutionGuid = {F9CB8CE6-AE34-4DA2-ACD4-93D0BE02F24E}
	EndGlobalSection
EndGlobal
